{
  "name": "velora-hub-bot",
  "version": "1.0.0",
  "lockfileVersion": 3,
  "requires": true,
  "packages": {
    "": {
      "name": "velora-hub-bot",
      "version": "1.0.0",
      "license": "MIT",
      "description": "VELORA HUB modular Discord bot built with discord.js v14 and SQLite.",
      "dependencies": {
        "discord.js": "^14.16.3",
        "sqlite3": "^5.1.7"
      },
      "engines": {
        "node": ">=20.11.0"
      }
    }
  }
}
